github.com/cilium/ebpf v0.11.0 h1:V8gS/bTCCjX9uUnkUFUpPsksM8n1lXBAvHcpiFk1X2Y=
github.com/cilium/ebpf v0.11.0/go.mod h1:WE7CZAnqOL2RouJ4f1uyNhqr2P4CCvXFIqdRDUgWsVs=
golang.org/x/exp v0.0.0-20230224173230-c95f2b4c22f2 h1:Jvc7gsqn21cJHCmAWx0LiimpP18LZmUxkT5Mp7EZ1mI=
golang.org/x/exp v0.0.0-20230224173230-c95f2b4c22f2/go.mod h1:CxIveKay+FTh1D0yPZemJVgC/95VzuuOLq5Qi4xnoYc=
golang.org/x/sys v0.6.0 h1:MVltZSvRTcU2ljQOhs94SXPftV6DCNnZViHeQps87pQ=
golang.org/x/sys v0.6.0/go.mod h1:oPkhp1MJrh7nUepCBck5+mAzfO9JrbApNNgaTdGDITg=
